
Microsoft Visual Studio Solution File, Format Version 12.00
# Visual Studio Version 16
VisualStudioVersion = 16.0.31624.102
MinimumVisualStudioVersion = 10.0.40219.1
Project("{FAE04EC0-301F-11D3-BF4B-00C04F79EFBC}") = "Домашнее задание Абузярова Полина", "Домашнее задание Абузярова Полина.csproj", "{BF280421-E63C-426B-8CCD-71189C9D523A}"
EndProject
Global
	GlobalSection(SolutionConfigurationPlatforms) = preSolution
		Debug|Any CPU = Debug|Any CPU
		Release|Any CPU = Release|Any CPU
	EndGlobalSection
	GlobalSection(ProjectConfigurationPlatforms) = postSolution
		{BF280421-E63C-426B-8CCD-71189C9D523A}.Debug|Any CPU.ActiveCfg = Debug|Any CPU
		{BF280421-E63C-426B-8CCD-71189C9D523A}.Debug|Any CPU.Build.0 = Debug|Any CPU
		{BF280421-E63C-426B-8CCD-71189C9D523A}.Release|Any CPU.ActiveCfg = Release|Any CPU
		{BF280421-E63C-426B-8CCD-71189C9D523A}.Release|Any CPU.Build.0 = Release|Any CPU
	EndGlobalSection
	GlobalSection(SolutionProperties) = preSolution
		HideSolutionNode = FALSE
	EndGlobalSection
	GlobalSection(ExtensibilityGlobals) = postSolution
		SolutionGuid = {99C528D8-A349-4B2E-BF6F-F3718E3E22B9}
	EndGlobalSection
EndGlobal
